// !$*UTF8*$!
{
	archiveVersion = 1;
	classes = {
	};
	objectVersion = 51;
	objects = {

/* Begin PBXBuildFile section */
		2A7368C3F4EA70EBD59F92F1 /* Pods_Neri_WatchKit_App.framework in Frameworks */ = {isa = PBXBuildFile; fileRef = AAA0EFF7AD2C38CD25D4EA58 /* Pods_Neri_WatchKit_App.framework */; };
		6519A32A23923B5400D62FC6 /* MonitoringViewController.swift in Sources */ = {isa = PBXBuildFile; fileRef = 6519A32923923B5400D62FC6 /* MonitoringViewController.swift */; };
		6519A32C2392404800D62FC6 /* LocationHelper.swift in Sources */ = {isa = PBXBuildFile; fileRef = 6519A32B2392404800D62FC6 /* LocationHelper.swift */; };
		6519A32E2392430000D62FC6 /* ElderInfoViewController.swift in Sources */ = {isa = PBXBuildFile; fileRef = 6519A32D2392430000D62FC6 /* ElderInfoViewController.swift */; };
		6519A3302392FA5A00D62FC6 /* BaseInterfaceController.swift in Sources */ = {isa = PBXBuildFile; fileRef = 6519A32F2392FA5A00D62FC6 /* BaseInterfaceController.swift */; };
		6519A3332393739600D62FC6 /* HealthKit.framework in Frameworks */ = {isa = PBXBuildFile; fileRef = 6519A3322393739600D62FC6 /* HealthKit.framework */; };
		6519A336239373FF00D62FC6 /* HealthKit.framework in Frameworks */ = {isa = PBXBuildFile; fileRef = 6519A335239373FF00D62FC6 /* HealthKit.framework */; };
		652DF2D8232EF0360067BB01 /* AppDelegate.swift in Sources */ = {isa = PBXBuildFile; fileRef = 652DF2D7232EF0360067BB01 /* AppDelegate.swift */; };
		652DF2DF232EF0380067BB01 /* Assets.xcassets in Resources */ = {isa = PBXBuildFile; fileRef = 652DF2DE232EF0380067BB01 /* Assets.xcassets */; };
		652DF2E2232EF0380067BB01 /* LaunchScreen.storyboard in Resources */ = {isa = PBXBuildFile; fileRef = 652DF2E0232EF0380067BB01 /* LaunchScreen.storyboard */; };
		652DF2ED232EF0380067BB01 /* PairingCodeGeneratorTests.swift in Sources */ = {isa = PBXBuildFile; fileRef = 652DF2EC232EF0380067BB01 /* PairingCodeGeneratorTests.swift */; };
		652DF2F8232EF0380067BB01 /* NeriUITests.swift in Sources */ = {isa = PBXBuildFile; fileRef = 652DF2F7232EF0380067BB01 /* NeriUITests.swift */; };
		652DF2FD232EF0380067BB01 /* Neri WatchKit App.app in Embed Watch Content */ = {isa = PBXBuildFile; fileRef = 652DF2FC232EF0380067BB01 /* Neri WatchKit App.app */; };
		652DF303232EF0380067BB01 /* Interface.storyboard in Resources */ = {isa = PBXBuildFile; fileRef = 652DF301232EF0380067BB01 /* Interface.storyboard */; };
		652DF305232EF0380067BB01 /* Assets.xcassets in Resources */ = {isa = PBXBuildFile; fileRef = 652DF304232EF0380067BB01 /* Assets.xcassets */; };
		652DF30C232EF0380067BB01 /* Neri WatchKit Extension.appex in Embed App Extensions */ = {isa = PBXBuildFile; fileRef = 652DF30B232EF0380067BB01 /* Neri WatchKit Extension.appex */; settings = {ATTRIBUTES = (RemoveHeadersOnCopy, ); }; };
		652DF311232EF0380067BB01 /* HeartRateInterfaceController.swift in Sources */ = {isa = PBXBuildFile; fileRef = 652DF310232EF0380067BB01 /* HeartRateInterfaceController.swift */; };
		652DF313232EF0380067BB01 /* ExtensionDelegate.swift in Sources */ = {isa = PBXBuildFile; fileRef = 652DF312232EF0380067BB01 /* ExtensionDelegate.swift */; };
		652DF315232EF0380067BB01 /* NotificationController.swift in Sources */ = {isa = PBXBuildFile; fileRef = 652DF314232EF0380067BB01 /* NotificationController.swift */; };
		652DF317232EF0390067BB01 /* Assets.xcassets in Resources */ = {isa = PBXBuildFile; fileRef = 652DF316232EF0390067BB01 /* Assets.xcassets */; };
		652DF332232EF3690067BB01 /* GradientView.swift in Sources */ = {isa = PBXBuildFile; fileRef = 652DF331232EF3690067BB01 /* GradientView.swift */; };
		652DF338232EFD6F0067BB01 /* Main.storyboard in Resources */ = {isa = PBXBuildFile; fileRef = 652DF337232EFD6E0067BB01 /* Main.storyboard */; };
		652DF34F232EFE240067BB01 /* InitialViewController.swift in Sources */ = {isa = PBXBuildFile; fileRef = 652DF34D232EFE240067BB01 /* InitialViewController.swift */; };
		652DF350232EFE240067BB01 /* LoadingViewController.swift in Sources */ = {isa = PBXBuildFile; fileRef = 652DF34E232EFE240067BB01 /* LoadingViewController.swift */; };
		652FEE3E238E09960093C718 /* SignUpElderViewController.swift in Sources */ = {isa = PBXBuildFile; fileRef = 652FEE3D238E09960093C718 /* SignUpElderViewController.swift */; };
		652FEE41238E12410093C718 /* Extensions.swift in Sources */ = {isa = PBXBuildFile; fileRef = 652FEE40238E12410093C718 /* Extensions.swift */; };
		652FEE43238E15620093C718 /* PairingCodeGenerator.swift in Sources */ = {isa = PBXBuildFile; fileRef = 652FEE42238E15620093C718 /* PairingCodeGenerator.swift */; };
		652FEE49238E29980093C718 /* RandomNumberGeneratorMock.swift in Sources */ = {isa = PBXBuildFile; fileRef = 652FEE48238E29980093C718 /* RandomNumberGeneratorMock.swift */; };
		652FEE4B238E308C0093C718 /* RandomNumberGenerator.swift in Sources */ = {isa = PBXBuildFile; fileRef = 652FEE4A238E308C0093C718 /* RandomNumberGenerator.swift */; };
		652FEE4F238E363C0093C718 /* PairingCodeViewController.swift in Sources */ = {isa = PBXBuildFile; fileRef = 652FEE4E238E363C0093C718 /* PairingCodeViewController.swift */; };
		652FEE51238F597C0093C718 /* Elder.swift in Sources */ = {isa = PBXBuildFile; fileRef = 652FEE50238F597C0093C718 /* Elder.swift */; };
		652FEE53238F5DC80093C718 /* Caregiver.swift in Sources */ = {isa = PBXBuildFile; fileRef = 652FEE52238F5DC80093C718 /* Caregiver.swift */; };
		652FEE56238F5F520093C718 /* ElderDAO.swift in Sources */ = {isa = PBXBuildFile; fileRef = 652FEE55238F5F520093C718 /* ElderDAO.swift */; };
		652FEE58238F60140093C718 /* NeriDAO.swift in Sources */ = {isa = PBXBuildFile; fileRef = 652FEE57238F60140093C718 /* NeriDAO.swift */; };
		652FEE5A238F720B0093C718 /* GlobalConstants.swift in Sources */ = {isa = PBXBuildFile; fileRef = 652FEE59238F720B0093C718 /* GlobalConstants.swift */; };
		652FEE5C238F84D30093C718 /* DateHelper.swift in Sources */ = {isa = PBXBuildFile; fileRef = 652FEE5B238F84D30093C718 /* DateHelper.swift */; };
		652FEE5E238F86C40093C718 /* DateHelperTests.swift in Sources */ = {isa = PBXBuildFile; fileRef = 652FEE5D238F86C40093C718 /* DateHelperTests.swift */; };
		6546A41523940C9E00A87639 /* ConnectivitySession.swift in Sources */ = {isa = PBXBuildFile; fileRef = 6546A41423940C9E00A87639 /* ConnectivitySession.swift */; };
		6554D06B2390D75300973C7E /* MainElderViewController.swift in Sources */ = {isa = PBXBuildFile; fileRef = 6554D06A2390D75300973C7E /* MainElderViewController.swift */; };
		6554D0712390DD7300973C7E /* ElderMonitor.swift in Sources */ = {isa = PBXBuildFile; fileRef = 6554D0702390DD7300973C7E /* ElderMonitor.swift */; };
		6554D0732390DE0F00973C7E /* HeartRateMonitor.swift in Sources */ = {isa = PBXBuildFile; fileRef = 6554D0722390DE0F00973C7E /* HeartRateMonitor.swift */; };
		6554D0772390DEAC00973C7E /* LocationMonitor.swift in Sources */ = {isa = PBXBuildFile; fileRef = 6554D0762390DEAC00973C7E /* LocationMonitor.swift */; };
		6554D07B2390E19000973C7E /* EditElderViewController.swift in Sources */ = {isa = PBXBuildFile; fileRef = 6554D07A2390E19000973C7E /* EditElderViewController.swift */; };
		65790AD12394140600124A72 /* WatchConncetivityReceiver.swift in Sources */ = {isa = PBXBuildFile; fileRef = 65790AD02394140600124A72 /* WatchConncetivityReceiver.swift */; };
		65790AD723943D8E00124A72 /* CountdownInterfaceController.swift in Sources */ = {isa = PBXBuildFile; fileRef = 65790AD623943D8E00124A72 /* CountdownInterfaceController.swift */; };
		65B89A2423937BBF00DE5B97 /* HeartRateMeter.swift in Sources */ = {isa = PBXBuildFile; fileRef = 65B89A2323937BBF00DE5B97 /* HeartRateMeter.swift */; };
		65B89A262393836300DE5B97 /* FeatureToggleInterfaceController.swift in Sources */ = {isa = PBXBuildFile; fileRef = 65B89A252393836300DE5B97 /* FeatureToggleInterfaceController.swift */; };
		65B89A2A2394067800DE5B97 /* MotionMeter.swift in Sources */ = {isa = PBXBuildFile; fileRef = 65B89A292394067800DE5B97 /* MotionMeter.swift */; };
		65BB66CC23919B8700E7B8D5 /* EldersTableViewCell.swift in Sources */ = {isa = PBXBuildFile; fileRef = 65BB66CB23919B8700E7B8D5 /* EldersTableViewCell.swift */; };
		65BB66CE23919FEF00E7B8D5 /* CaregiverDAO.swift in Sources */ = {isa = PBXBuildFile; fileRef = 65BB66CD23919FEF00E7B8D5 /* CaregiverDAO.swift */; };
		65F358292388E1CB003A09B6 /* GoogleService-Info.plist in Resources */ = {isa = PBXBuildFile; fileRef = 65F358282388E1CB003A09B6 /* GoogleService-Info.plist */; };
		65F3582B238CC8FD003A09B6 /* PairingViewController.swift in Sources */ = {isa = PBXBuildFile; fileRef = 65F3582A238CC8FD003A09B6 /* PairingViewController.swift */; };
		65F3582F238CC9C8003A09B6 /* EldersListViewController.swift in Sources */ = {isa = PBXBuildFile; fileRef = 65F3582E238CC9C8003A09B6 /* EldersListViewController.swift */; };
		65F35831238CCB60003A09B6 /* BasicFormViewController.swift in Sources */ = {isa = PBXBuildFile; fileRef = 65F35830238CCB60003A09B6 /* BasicFormViewController.swift */; };
		65F35833238CD62A003A09B6 /* Validators.swift in Sources */ = {isa = PBXBuildFile; fileRef = 65F35832238CD62A003A09B6 /* Validators.swift */; };
		6620A2E3240185B5B23995C3 /* Pods_Neri.framework in Frameworks */ = {isa = PBXBuildFile; fileRef = DD7D4FAB4EEB077678D5BEFE /* Pods_Neri.framework */; };
		AA7EDCE0153C42794331BC30 /* Pods_NeriTests.framework in Frameworks */ = {isa = PBXBuildFile; fileRef = 3A2FE4D1FAB36CE69BA862E2 /* Pods_NeriTests.framework */; };
		D56D3FED69BE7E259A3B0777 /* Pods_NeriUITests.framework in Frameworks */ = {isa = PBXBuildFile; fileRef = 4ED32ACEBF3171416445C0BF /* Pods_NeriUITests.framework */; };
/* End PBXBuildFile section */

/* Begin PBXContainerItemProxy section */
		652DF2E9232EF0380067BB01 /* PBXContainerItemProxy */ = {
			isa = PBXContainerItemProxy;
			containerPortal = 652DF2CC232EF0360067BB01 /* Project object */;
			proxyType = 1;
			remoteGlobalIDString = 652DF2D3232EF0360067BB01;
			remoteInfo = Neri;
		};
		652DF2F4232EF0380067BB01 /* PBXContainerItemProxy */ = {
			isa = PBXContainerItemProxy;
			containerPortal = 652DF2CC232EF0360067BB01 /* Project object */;
			proxyType = 1;
			remoteGlobalIDString = 652DF2D3232EF0360067BB01;
			remoteInfo = Neri;
		};
		652DF2FE232EF0380067BB01 /* PBXContainerItemProxy */ = {
			isa = PBXContainerItemProxy;
			containerPortal = 652DF2CC232EF0360067BB01 /* Project object */;
			proxyType = 1;
			remoteGlobalIDString = 652DF2FB232EF0380067BB01;
			remoteInfo = "Neri WatchKit App";
		};
		652DF30D232EF0380067BB01 /* PBXContainerItemProxy */ = {
			isa = PBXContainerItemProxy;
			containerPortal = 652DF2CC232EF0360067BB01 /* Project object */;
			proxyType = 1;
			remoteGlobalIDString = 652DF30A232EF0380067BB01;
			remoteInfo = "Neri WatchKit Extension";
		};
/* End PBXContainerItemProxy section */

/* Begin PBXCopyFilesBuildPhase section */
		652DF31F232EF0390067BB01 /* Embed App Extensions */ = {
			isa = PBXCopyFilesBuildPhase;
			buildActionMask = 2147483647;
			dstPath = "";
			dstSubfolderSpec = 13;
			files = (
				652DF30C232EF0380067BB01 /* Neri WatchKit Extension.appex in Embed App Extensions */,
			);
			name = "Embed App Extensions";
			runOnlyForDeploymentPostprocessing = 0;
		};
		652DF323232EF0390067BB01 /* Embed Watch Content */ = {
			isa = PBXCopyFilesBuildPhase;
			buildActionMask = 2147483647;
			dstPath = "$(CONTENTS_FOLDER_PATH)/Watch";
			dstSubfolderSpec = 16;
			files = (
				652DF2FD232EF0380067BB01 /* Neri WatchKit App.app in Embed Watch Content */,
			);
			name = "Embed Watch Content";
			runOnlyForDeploymentPostprocessing = 0;
		};
/* End PBXCopyFilesBuildPhase section */

/* Begin PBXFileReference section */
		02E2375B0CAB32BC41105ADE /* Pods-NeriUITests.release.xcconfig */ = {isa = PBXFileReference; includeInIndex = 1; lastKnownFileType = text.xcconfig; name = "Pods-NeriUITests.release.xcconfig"; path = "Target Support Files/Pods-NeriUITests/Pods-NeriUITests.release.xcconfig"; sourceTree = "<group>"; };
		09002466848FA22ABE6EAED3 /* Pods-Neri WatchKit App.release.xcconfig */ = {isa = PBXFileReference; includeInIndex = 1; lastKnownFileType = text.xcconfig; name = "Pods-Neri WatchKit App.release.xcconfig"; path = "Target Support Files/Pods-Neri WatchKit App/Pods-Neri WatchKit App.release.xcconfig"; sourceTree = "<group>"; };
		0C03A0AF74F43D573B523BE7 /* Pods-Neri WatchKit App.debug.xcconfig */ = {isa = PBXFileReference; includeInIndex = 1; lastKnownFileType = text.xcconfig; name = "Pods-Neri WatchKit App.debug.xcconfig"; path = "Target Support Files/Pods-Neri WatchKit App/Pods-Neri WatchKit App.debug.xcconfig"; sourceTree = "<group>"; };
		13476D35B5411A14176C8D29 /* Pods-Neri.debug.xcconfig */ = {isa = PBXFileReference; includeInIndex = 1; lastKnownFileType = text.xcconfig; name = "Pods-Neri.debug.xcconfig"; path = "Target Support Files/Pods-Neri/Pods-Neri.debug.xcconfig"; sourceTree = "<group>"; };
		3A2FE4D1FAB36CE69BA862E2 /* Pods_NeriTests.framework */ = {isa = PBXFileReference; explicitFileType = wrapper.framework; includeInIndex = 0; path = Pods_NeriTests.framework; sourceTree = BUILT_PRODUCTS_DIR; };
		3C2542DEFB82EF08F637399E /* Pods-NeriTests.release.xcconfig */ = {isa = PBXFileReference; includeInIndex = 1; lastKnownFileType = text.xcconfig; name = "Pods-NeriTests.release.xcconfig"; path = "Target Support Files/Pods-NeriTests/Pods-NeriTests.release.xcconfig"; sourceTree = "<group>"; };
		45263F77DD84CADE6529CEE1 /* Pods-NeriTests.debug.xcconfig */ = {isa = PBXFileReference; includeInIndex = 1; lastKnownFileType = text.xcconfig; name = "Pods-NeriTests.debug.xcconfig"; path = "Target Support Files/Pods-NeriTests/Pods-NeriTests.debug.xcconfig"; sourceTree = "<group>"; };
		4ED32ACEBF3171416445C0BF /* Pods_NeriUITests.framework */ = {isa = PBXFileReference; explicitFileType = wrapper.framework; includeInIndex = 0; path = Pods_NeriUITests.framework; sourceTree = BUILT_PRODUCTS_DIR; };
		6519A32923923B5400D62FC6 /* MonitoringViewController.swift */ = {isa = PBXFileReference; lastKnownFileType = sourcecode.swift; path = MonitoringViewController.swift; sourceTree = "<group>"; };
		6519A32B2392404800D62FC6 /* LocationHelper.swift */ = {isa = PBXFileReference; lastKnownFileType = sourcecode.swift; path = LocationHelper.swift; sourceTree = "<group>"; };
		6519A32D2392430000D62FC6 /* ElderInfoViewController.swift */ = {isa = PBXFileReference; lastKnownFileType = sourcecode.swift; path = ElderInfoViewController.swift; sourceTree = "<group>"; };
		6519A32F2392FA5A00D62FC6 /* BaseInterfaceController.swift */ = {isa = PBXFileReference; lastKnownFileType = sourcecode.swift; path = BaseInterfaceController.swift; sourceTree = "<group>"; };
		6519A3312393739600D62FC6 /* Neri.entitlements */ = {isa = PBXFileReference; lastKnownFileType = text.plist.entitlements; path = Neri.entitlements; sourceTree = "<group>"; };
		6519A3322393739600D62FC6 /* HealthKit.framework */ = {isa = PBXFileReference; lastKnownFileType = wrapper.framework; name = HealthKit.framework; path = System/Library/Frameworks/HealthKit.framework; sourceTree = SDKROOT; };
		6519A334239373FF00D62FC6 /* Neri WatchKit Extension.entitlements */ = {isa = PBXFileReference; lastKnownFileType = text.plist.entitlements; path = "Neri WatchKit Extension.entitlements"; sourceTree = "<group>"; };
		6519A335239373FF00D62FC6 /* HealthKit.framework */ = {isa = PBXFileReference; lastKnownFileType = wrapper.framework; name = HealthKit.framework; path = Platforms/WatchOS.platform/Developer/SDKs/WatchOS6.1.sdk/System/Library/Frameworks/HealthKit.framework; sourceTree = DEVELOPER_DIR; };
		652DF2D4232EF0360067BB01 /* Neri.app */ = {isa = PBXFileReference; explicitFileType = wrapper.application; includeInIndex = 0; path = Neri.app; sourceTree = BUILT_PRODUCTS_DIR; };
		652DF2D7232EF0360067BB01 /* AppDelegate.swift */ = {isa = PBXFileReference; lastKnownFileType = sourcecode.swift; path = AppDelegate.swift; sourceTree = "<group>"; };
		652DF2DE232EF0380067BB01 /* Assets.xcassets */ = {isa = PBXFileReference; lastKnownFileType = folder.assetcatalog; path = Assets.xcassets; sourceTree = "<group>"; };
		652DF2E1232EF0380067BB01 /* Base */ = {isa = PBXFileReference; lastKnownFileType = file.storyboard; name = Base; path = Base.lproj/LaunchScreen.storyboard; sourceTree = "<group>"; };
		652DF2E3232EF0380067BB01 /* Info.plist */ = {isa = PBXFileReference; lastKnownFileType = text.plist.xml; path = Info.plist; sourceTree = "<group>"; };
		652DF2E8232EF0380067BB01 /* NeriTests.xctest */ = {isa = PBXFileReference; explicitFileType = wrapper.cfbundle; includeInIndex = 0; path = NeriTests.xctest; sourceTree = BUILT_PRODUCTS_DIR; };
		652DF2EC232EF0380067BB01 /* PairingCodeGeneratorTests.swift */ = {isa = PBXFileReference; lastKnownFileType = sourcecode.swift; path = PairingCodeGeneratorTests.swift; sourceTree = "<group>"; };
		652DF2EE232EF0380067BB01 /* Info.plist */ = {isa = PBXFileReference; lastKnownFileType = text.plist.xml; path = Info.plist; sourceTree = "<group>"; };
		652DF2F3232EF0380067BB01 /* NeriUITests.xctest */ = {isa = PBXFileReference; explicitFileType = wrapper.cfbundle; includeInIndex = 0; path = NeriUITests.xctest; sourceTree = BUILT_PRODUCTS_DIR; };
		652DF2F7232EF0380067BB01 /* NeriUITests.swift */ = {isa = PBXFileReference; lastKnownFileType = sourcecode.swift; path = NeriUITests.swift; sourceTree = "<group>"; };
		652DF2F9232EF0380067BB01 /* Info.plist */ = {isa = PBXFileReference; lastKnownFileType = text.plist.xml; path = Info.plist; sourceTree = "<group>"; };
		652DF2FC232EF0380067BB01 /* Neri WatchKit App.app */ = {isa = PBXFileReference; explicitFileType = wrapper.application; includeInIndex = 0; path = "Neri WatchKit App.app"; sourceTree = BUILT_PRODUCTS_DIR; };
		652DF302232EF0380067BB01 /* Base */ = {isa = PBXFileReference; lastKnownFileType = file.storyboard; name = Base; path = Base.lproj/Interface.storyboard; sourceTree = "<group>"; };
		652DF304232EF0380067BB01 /* Assets.xcassets */ = {isa = PBXFileReference; lastKnownFileType = folder.assetcatalog; path = Assets.xcassets; sourceTree = "<group>"; };
		652DF306232EF0380067BB01 /* Info.plist */ = {isa = PBXFileReference; lastKnownFileType = text.plist.xml; path = Info.plist; sourceTree = "<group>"; };
		652DF30B232EF0380067BB01 /* Neri WatchKit Extension.appex */ = {isa = PBXFileReference; explicitFileType = "wrapper.app-extension"; includeInIndex = 0; path = "Neri WatchKit Extension.appex"; sourceTree = BUILT_PRODUCTS_DIR; };
		652DF310232EF0380067BB01 /* HeartRateInterfaceController.swift */ = {isa = PBXFileReference; lastKnownFileType = sourcecode.swift; path = HeartRateInterfaceController.swift; sourceTree = "<group>"; };
		652DF312232EF0380067BB01 /* ExtensionDelegate.swift */ = {isa = PBXFileReference; lastKnownFileType = sourcecode.swift; path = ExtensionDelegate.swift; sourceTree = "<group>"; };
		652DF314232EF0380067BB01 /* NotificationController.swift */ = {isa = PBXFileReference; lastKnownFileType = sourcecode.swift; path = NotificationController.swift; sourceTree = "<group>"; };
		652DF316232EF0390067BB01 /* Assets.xcassets */ = {isa = PBXFileReference; lastKnownFileType = folder.assetcatalog; path = Assets.xcassets; sourceTree = "<group>"; };
		652DF318232EF0390067BB01 /* Info.plist */ = {isa = PBXFileReference; lastKnownFileType = text.plist.xml; path = Info.plist; sourceTree = "<group>"; };
		652DF319232EF0390067BB01 /* PushNotificationPayload.apns */ = {isa = PBXFileReference; lastKnownFileType = text; path = PushNotificationPayload.apns; sourceTree = "<group>"; };
		652DF331232EF3690067BB01 /* GradientView.swift */ = {isa = PBXFileReference; lastKnownFileType = sourcecode.swift; path = GradientView.swift; sourceTree = "<group>"; };
		652DF337232EFD6E0067BB01 /* Main.storyboard */ = {isa = PBXFileReference; fileEncoding = 4; lastKnownFileType = file.storyboard; name = Main.storyboard; path = /Users/gabrielbendia/Documents/Projeto_Final/Neri/Neri/View/Main.storyboard; sourceTree = "<absolute>"; };
		652DF34D232EFE240067BB01 /* InitialViewController.swift */ = {isa = PBXFileReference; fileEncoding = 4; lastKnownFileType = sourcecode.swift; path = InitialViewController.swift; sourceTree = "<group>"; };
		652DF34E232EFE240067BB01 /* LoadingViewController.swift */ = {isa = PBXFileReference; fileEncoding = 4; lastKnownFileType = sourcecode.swift; path = LoadingViewController.swift; sourceTree = "<group>"; };
		652FEE3D238E09960093C718 /* SignUpElderViewController.swift */ = {isa = PBXFileReference; lastKnownFileType = sourcecode.swift; path = SignUpElderViewController.swift; sourceTree = "<group>"; };
		652FEE40238E12410093C718 /* Extensions.swift */ = {isa = PBXFileReference; lastKnownFileType = sourcecode.swift; path = Extensions.swift; sourceTree = "<group>"; };
		652FEE42238E15620093C718 /* PairingCodeGenerator.swift */ = {isa = PBXFileReference; lastKnownFileType = sourcecode.swift; path = PairingCodeGenerator.swift; sourceTree = "<group>"; };
		652FEE48238E29980093C718 /* RandomNumberGeneratorMock.swift */ = {isa = PBXFileReference; lastKnownFileType = sourcecode.swift; path = RandomNumberGeneratorMock.swift; sourceTree = "<group>"; };
		652FEE4A238E308C0093C718 /* RandomNumberGenerator.swift */ = {isa = PBXFileReference; lastKnownFileType = sourcecode.swift; path = RandomNumberGenerator.swift; sourceTree = "<group>"; };
		652FEE4E238E363C0093C718 /* PairingCodeViewController.swift */ = {isa = PBXFileReference; lastKnownFileType = sourcecode.swift; path = PairingCodeViewController.swift; sourceTree = "<group>"; };
		652FEE50238F597C0093C718 /* Elder.swift */ = {isa = PBXFileReference; lastKnownFileType = sourcecode.swift; name = Elder.swift; path = Neri/Elder.swift; sourceTree = SOURCE_ROOT; };
		652FEE52238F5DC80093C718 /* Caregiver.swift */ = {isa = PBXFileReference; lastKnownFileType = sourcecode.swift; name = Caregiver.swift; path = Neri/Caregiver.swift; sourceTree = SOURCE_ROOT; };
		652FEE55238F5F520093C718 /* ElderDAO.swift */ = {isa = PBXFileReference; lastKnownFileType = sourcecode.swift; path = ElderDAO.swift; sourceTree = "<group>"; };
		652FEE57238F60140093C718 /* NeriDAO.swift */ = {isa = PBXFileReference; lastKnownFileType = sourcecode.swift; path = NeriDAO.swift; sourceTree = "<group>"; };
		652FEE59238F720B0093C718 /* GlobalConstants.swift */ = {isa = PBXFileReference; lastKnownFileType = sourcecode.swift; path = GlobalConstants.swift; sourceTree = "<group>"; };
		652FEE5B238F84D30093C718 /* DateHelper.swift */ = {isa = PBXFileReference; lastKnownFileType = sourcecode.swift; path = DateHelper.swift; sourceTree = "<group>"; };
		652FEE5D238F86C40093C718 /* DateHelperTests.swift */ = {isa = PBXFileReference; lastKnownFileType = sourcecode.swift; path = DateHelperTests.swift; sourceTree = "<group>"; };
		6546A41423940C9E00A87639 /* ConnectivitySession.swift */ = {isa = PBXFileReference; lastKnownFileType = sourcecode.swift; path = ConnectivitySession.swift; sourceTree = "<group>"; };
		6554D06A2390D75300973C7E /* MainElderViewController.swift */ = {isa = PBXFileReference; lastKnownFileType = sourcecode.swift; path = MainElderViewController.swift; sourceTree = "<group>"; };
		6554D0702390DD7300973C7E /* ElderMonitor.swift */ = {isa = PBXFileReference; lastKnownFileType = sourcecode.swift; path = ElderMonitor.swift; sourceTree = "<group>"; };
		6554D0722390DE0F00973C7E /* HeartRateMonitor.swift */ = {isa = PBXFileReference; lastKnownFileType = sourcecode.swift; path = HeartRateMonitor.swift; sourceTree = "<group>"; };
		6554D0762390DEAC00973C7E /* LocationMonitor.swift */ = {isa = PBXFileReference; lastKnownFileType = sourcecode.swift; path = LocationMonitor.swift; sourceTree = "<group>"; };
		6554D07A2390E19000973C7E /* EditElderViewController.swift */ = {isa = PBXFileReference; lastKnownFileType = sourcecode.swift; path = EditElderViewController.swift; sourceTree = "<group>"; };
		65790AD02394140600124A72 /* WatchConncetivityReceiver.swift */ = {isa = PBXFileReference; lastKnownFileType = sourcecode.swift; path = WatchConncetivityReceiver.swift; sourceTree = "<group>"; };
		65790AD623943D8E00124A72 /* CountdownInterfaceController.swift */ = {isa = PBXFileReference; lastKnownFileType = sourcecode.swift; path = CountdownInterfaceController.swift; sourceTree = "<group>"; };
		65B89A2323937BBF00DE5B97 /* HeartRateMeter.swift */ = {isa = PBXFileReference; lastKnownFileType = sourcecode.swift; path = HeartRateMeter.swift; sourceTree = "<group>"; };
		65B89A252393836300DE5B97 /* FeatureToggleInterfaceController.swift */ = {isa = PBXFileReference; lastKnownFileType = sourcecode.swift; path = FeatureToggleInterfaceController.swift; sourceTree = "<group>"; };
		65B89A292394067800DE5B97 /* MotionMeter.swift */ = {isa = PBXFileReference; lastKnownFileType = sourcecode.swift; path = MotionMeter.swift; sourceTree = "<group>"; };
		65BB66CB23919B8700E7B8D5 /* EldersTableViewCell.swift */ = {isa = PBXFileReference; lastKnownFileType = sourcecode.swift; path = EldersTableViewCell.swift; sourceTree = "<group>"; };
		65BB66CD23919FEF00E7B8D5 /* CaregiverDAO.swift */ = {isa = PBXFileReference; lastKnownFileType = sourcecode.swift; path = CaregiverDAO.swift; sourceTree = "<group>"; };
		65F358282388E1CB003A09B6 /* GoogleService-Info.plist */ = {isa = PBXFileReference; fileEncoding = 4; lastKnownFileType = text.plist.xml; path = "GoogleService-Info.plist"; sourceTree = "<group>"; };
		65F3582A238CC8FD003A09B6 /* PairingViewController.swift */ = {isa = PBXFileReference; lastKnownFileType = sourcecode.swift; path = PairingViewController.swift; sourceTree = "<group>"; };
		65F3582E238CC9C8003A09B6 /* EldersListViewController.swift */ = {isa = PBXFileReference; lastKnownFileType = sourcecode.swift; path = EldersListViewController.swift; sourceTree = "<group>"; };
		65F35830238CCB60003A09B6 /* BasicFormViewController.swift */ = {isa = PBXFileReference; lastKnownFileType = sourcecode.swift; path = BasicFormViewController.swift; sourceTree = "<group>"; };
		65F35832238CD62A003A09B6 /* Validators.swift */ = {isa = PBXFileReference; lastKnownFileType = sourcecode.swift; name = Validators.swift; path = Neri/Helpers/Validators.swift; sourceTree = SOURCE_ROOT; };
		A44EF1C5FBC74B5643024214 /* Pods-NeriUITests.debug.xcconfig */ = {isa = PBXFileReference; includeInIndex = 1; lastKnownFileType = text.xcconfig; name = "Pods-NeriUITests.debug.xcconfig"; path = "Target Support Files/Pods-NeriUITests/Pods-NeriUITests.debug.xcconfig"; sourceTree = "<group>"; };
		AAA0EFF7AD2C38CD25D4EA58 /* Pods_Neri_WatchKit_App.framework */ = {isa = PBXFileReference; explicitFileType = wrapper.framework; includeInIndex = 0; path = Pods_Neri_WatchKit_App.framework; sourceTree = BUILT_PRODUCTS_DIR; };
		BEB571B8FCE24B4F9913F4F9 /* Pods-Neri.release.xcconfig */ = {isa = PBXFileReference; includeInIndex = 1; lastKnownFileType = text.xcconfig; name = "Pods-Neri.release.xcconfig"; path = "Target Support Files/Pods-Neri/Pods-Neri.release.xcconfig"; sourceTree = "<group>"; };
		DD7D4FAB4EEB077678D5BEFE /* Pods_Neri.framework */ = {isa = PBXFileReference; explicitFileType = wrapper.framework; includeInIndex = 0; path = Pods_Neri.framework; sourceTree = BUILT_PRODUCTS_DIR; };
/* End PBXFileReference section */

/* Begin PBXFrameworksBuildPhase section */
		3DE81FC91FEC5C4110B31190 /* Frameworks */ = {
			isa = PBXFrameworksBuildPhase;
			buildActionMask = 2147483647;
			files = (
				2A7368C3F4EA70EBD59F92F1 /* Pods_Neri_WatchKit_App.framework in Frameworks */,
			);
			runOnlyForDeploymentPostprocessing = 0;
		};
		652DF2D1232EF0360067BB01 /* Frameworks */ = {
			isa = PBXFrameworksBuildPhase;
			buildActionMask = 2147483647;
			files = (
				6620A2E3240185B5B23995C3 /* Pods_Neri.framework in Frameworks */,
				6519A3332393739600D62FC6 /* HealthKit.framework in Frameworks */,
			);
			runOnlyForDeploymentPostprocessing = 0;
		};
		652DF2E5232EF0380067BB01 /* Frameworks */ = {
			isa = PBXFrameworksBuildPhase;
			buildActionMask = 2147483647;
			files = (
				AA7EDCE0153C42794331BC30 /* Pods_NeriTests.framework in Frameworks */,
			);
			runOnlyForDeploymentPostprocessing = 0;
		};
		652DF2F0232EF0380067BB01 /* Frameworks */ = {
			isa = PBXFrameworksBuildPhase;
			buildActionMask = 2147483647;
			files = (
				D56D3FED69BE7E259A3B0777 /* Pods_NeriUITests.framework in Frameworks */,
			);
			runOnlyForDeploymentPostprocessing = 0;
		};
		652DF308232EF0380067BB01 /* Frameworks */ = {
			isa = PBXFrameworksBuildPhase;
			buildActionMask = 2147483647;
			files = (
				6519A336239373FF00D62FC6 /* HealthKit.framework in Frameworks */,
			);
			runOnlyForDeploymentPostprocessing = 0;
		};
/* End PBXFrameworksBuildPhase section */

/* Begin PBXGroup section */
		652DF2CB232EF0360067BB01 = {
			isa = PBXGroup;
			children = (
				652DF2D6232EF0360067BB01 /* Neri */,
				652DF2EB232EF0380067BB01 /* NeriTests */,
				652DF2F6232EF0380067BB01 /* NeriUITests */,
				652DF300232EF0380067BB01 /* Neri WatchKit App */,
				652DF30F232EF0380067BB01 /* Neri WatchKit Extension */,
				652DF2D5232EF0360067BB01 /* Products */,
				AC0040E707E2734295B3FB3F /* Pods */,
				ED553F87040D90A23F731559 /* Frameworks */,
			);
			sourceTree = "<group>";
		};
		652DF2D5232EF0360067BB01 /* Products */ = {
			isa = PBXGroup;
			children = (
				652DF2D4232EF0360067BB01 /* Neri.app */,
				652DF2E8232EF0380067BB01 /* NeriTests.xctest */,
				652DF2F3232EF0380067BB01 /* NeriUITests.xctest */,
				652DF2FC232EF0380067BB01 /* Neri WatchKit App.app */,
				652DF30B232EF0380067BB01 /* Neri WatchKit Extension.appex */,
			);
			name = Products;
			sourceTree = "<group>";
		};
		652DF2D6232EF0360067BB01 /* Neri */ = {
			isa = PBXGroup;
			children = (
				652FEE3F238E122D0093C718 /* Helpers */,
				652DF32E232EF3370067BB01 /* Model */,
				652DF32F232EF33E0067BB01 /* View */,
				652DF330232EF3470067BB01 /* Controller */,
				652DF2D7232EF0360067BB01 /* AppDelegate.swift */,
				652DF32D232EF2010067BB01 /* Resources */,
				652DF2E3232EF0380067BB01 /* Info.plist */,
				65F358282388E1CB003A09B6 /* GoogleService-Info.plist */,
				6519A3312393739600D62FC6 /* Neri.entitlements */,
			);
			path = Neri;
			sourceTree = "<group>";
		};
		652DF2EB232EF0380067BB01 /* NeriTests */ = {
			isa = PBXGroup;
			children = (
				652FEE46238E296B0093C718 /* Mocks */,
				652FEE47238E29770093C718 /* Helpers */,
				652DF2EE232EF0380067BB01 /* Info.plist */,
			);
			path = NeriTests;
			sourceTree = "<group>";
		};
		652DF2F6232EF0380067BB01 /* NeriUITests */ = {
			isa = PBXGroup;
			children = (
				652DF2F7232EF0380067BB01 /* NeriUITests.swift */,
				652DF2F9232EF0380067BB01 /* Info.plist */,
			);
			path = NeriUITests;
			sourceTree = "<group>";
		};
		652DF300232EF0380067BB01 /* Neri WatchKit App */ = {
			isa = PBXGroup;
			children = (
				652DF301232EF0380067BB01 /* Interface.storyboard */,
				652DF304232EF0380067BB01 /* Assets.xcassets */,
				652DF306232EF0380067BB01 /* Info.plist */,
			);
			path = "Neri WatchKit App";
			sourceTree = "<group>";
		};
		652DF30F232EF0380067BB01 /* Neri WatchKit Extension */ = {
			isa = PBXGroup;
			children = (
				65B89A272394060400DE5B97 /* Model */,
				65B89A282394061600DE5B97 /* Controller */,
				652DF312232EF0380067BB01 /* ExtensionDelegate.swift */,
				652DF316232EF0390067BB01 /* Assets.xcassets */,
				652DF318232EF0390067BB01 /* Info.plist */,
				652DF319232EF0390067BB01 /* PushNotificationPayload.apns */,
				6519A334239373FF00D62FC6 /* Neri WatchKit Extension.entitlements */,
			);
			path = "Neri WatchKit Extension";
			sourceTree = "<group>";
		};
		652DF32D232EF2010067BB01 /* Resources */ = {
			isa = PBXGroup;
			children = (
				652DF2DE232EF0380067BB01 /* Assets.xcassets */,
			);
			path = Resources;
			sourceTree = "<group>";
		};
		652DF32E232EF3370067BB01 /* Model */ = {
			isa = PBXGroup;
			children = (
				6554D06E2390DD4C00973C7E /* Monitoring */,
				652FEE54238F5F270093C718 /* Database */,
				652FEE50238F597C0093C718 /* Elder.swift */,
				652FEE52238F5DC80093C718 /* Caregiver.swift */,
			);
			path = Model;
			sourceTree = "<group>";
		};
		652DF32F232EF33E0067BB01 /* View */ = {
			isa = PBXGroup;
			children = (
				652DF2E0232EF0380067BB01 /* LaunchScreen.storyboard */,
				652DF337232EFD6E0067BB01 /* Main.storyboard */,
				652DF331232EF3690067BB01 /* GradientView.swift */,
				65BB66CB23919B8700E7B8D5 /* EldersTableViewCell.swift */,
			);
			path = View;
			sourceTree = "<group>";
		};
		652DF330232EF3470067BB01 /* Controller */ = {
			isa = PBXGroup;
			children = (
				65F3582D238CC9AC003A09B6 /* Caregivers */,
				65F3582C238CC9A5003A09B6 /* Elders */,
				652DF34D232EFE240067BB01 /* InitialViewController.swift */,
				652DF34E232EFE240067BB01 /* LoadingViewController.swift */,
				65F35830238CCB60003A09B6 /* BasicFormViewController.swift */,
			);
			path = Controller;
			sourceTree = "<group>";
		};
		652FEE3F238E122D0093C718 /* Helpers */ = {
			isa = PBXGroup;
			children = (
				65F35832238CD62A003A09B6 /* Validators.swift */,
				652FEE40238E12410093C718 /* Extensions.swift */,
				652FEE4A238E308C0093C718 /* RandomNumberGenerator.swift */,
				652FEE42238E15620093C718 /* PairingCodeGenerator.swift */,
				652FEE59238F720B0093C718 /* GlobalConstants.swift */,
				652FEE5B238F84D30093C718 /* DateHelper.swift */,
				6519A32B2392404800D62FC6 /* LocationHelper.swift */,
			);
			path = Helpers;
			sourceTree = "<group>";
		};
		652FEE46238E296B0093C718 /* Mocks */ = {
			isa = PBXGroup;
			children = (
				652FEE48238E29980093C718 /* RandomNumberGeneratorMock.swift */,
			);
			path = Mocks;
			sourceTree = "<group>";
		};
		652FEE47238E29770093C718 /* Helpers */ = {
			isa = PBXGroup;
			children = (
				652DF2EC232EF0380067BB01 /* PairingCodeGeneratorTests.swift */,
				652FEE5D238F86C40093C718 /* DateHelperTests.swift */,
			);
			path = Helpers;
			sourceTree = "<group>";
		};
		652FEE54238F5F270093C718 /* Database */ = {
			isa = PBXGroup;
			children = (
				652FEE57238F60140093C718 /* NeriDAO.swift */,
				652FEE55238F5F520093C718 /* ElderDAO.swift */,
				65BB66CD23919FEF00E7B8D5 /* CaregiverDAO.swift */,
			);
			path = Database;
			sourceTree = "<group>";
		};
		6554D06E2390DD4C00973C7E /* Monitoring */ = {
			isa = PBXGroup;
			children = (
				6554D0702390DD7300973C7E /* ElderMonitor.swift */,
				6554D0722390DE0F00973C7E /* HeartRateMonitor.swift */,
				6554D0762390DEAC00973C7E /* LocationMonitor.swift */,
				65790AD02394140600124A72 /* WatchConncetivityReceiver.swift */,
			);
			path = Monitoring;
			sourceTree = "<group>";
		};
		65B89A272394060400DE5B97 /* Model */ = {
			isa = PBXGroup;
			children = (
				65B89A2323937BBF00DE5B97 /* HeartRateMeter.swift */,
				65B89A292394067800DE5B97 /* MotionMeter.swift */,
				6546A41423940C9E00A87639 /* ConnectivitySession.swift */,
			);
			path = Model;
			sourceTree = "<group>";
		};
		65B89A282394061600DE5B97 /* Controller */ = {
			isa = PBXGroup;
			children = (
				6519A32F2392FA5A00D62FC6 /* BaseInterfaceController.swift */,
				652DF310232EF0380067BB01 /* HeartRateInterfaceController.swift */,
				65790AD623943D8E00124A72 /* CountdownInterfaceController.swift */,
				65B89A252393836300DE5B97 /* FeatureToggleInterfaceController.swift */,
				652DF314232EF0380067BB01 /* NotificationController.swift */,
			);
			path = Controller;
			sourceTree = "<group>";
		};
		65F3582C238CC9A5003A09B6 /* Elders */ = {
			isa = PBXGroup;
			children = (
				652FEE3D238E09960093C718 /* SignUpElderViewController.swift */,
				652FEE4E238E363C0093C718 /* PairingCodeViewController.swift */,
				6554D06A2390D75300973C7E /* MainElderViewController.swift */,
				6554D07A2390E19000973C7E /* EditElderViewController.swift */,
			);
			path = Elders;
			sourceTree = "<group>";
		};
		65F3582D238CC9AC003A09B6 /* Caregivers */ = {
			isa = PBXGroup;
			children = (
				65F3582A238CC8FD003A09B6 /* PairingViewController.swift */,
				65F3582E238CC9C8003A09B6 /* EldersListViewController.swift */,
				6519A32923923B5400D62FC6 /* MonitoringViewController.swift */,
				6519A32D2392430000D62FC6 /* ElderInfoViewController.swift */,
			);
			path = Caregivers;
			sourceTree = "<group>";
		};
		AC0040E707E2734295B3FB3F /* Pods */ = {
			isa = PBXGroup;
			children = (
				13476D35B5411A14176C8D29 /* Pods-Neri.debug.xcconfig */,
				BEB571B8FCE24B4F9913F4F9 /* Pods-Neri.release.xcconfig */,
				0C03A0AF74F43D573B523BE7 /* Pods-Neri WatchKit App.debug.xcconfig */,
				09002466848FA22ABE6EAED3 /* Pods-Neri WatchKit App.release.xcconfig */,
				45263F77DD84CADE6529CEE1 /* Pods-NeriTests.debug.xcconfig */,
				3C2542DEFB82EF08F637399E /* Pods-NeriTests.release.xcconfig */,
				A44EF1C5FBC74B5643024214 /* Pods-NeriUITests.debug.xcconfig */,
				02E2375B0CAB32BC41105ADE /* Pods-NeriUITests.release.xcconfig */,
			);
			path = Pods;
			sourceTree = "<group>";
		};
		ED553F87040D90A23F731559 /* Frameworks */ = {
			isa = PBXGroup;
			children = (
				6519A335239373FF00D62FC6 /* HealthKit.framework */,
				6519A3322393739600D62FC6 /* HealthKit.framework */,
				DD7D4FAB4EEB077678D5BEFE /* Pods_Neri.framework */,
				AAA0EFF7AD2C38CD25D4EA58 /* Pods_Neri_WatchKit_App.framework */,
				3A2FE4D1FAB36CE69BA862E2 /* Pods_NeriTests.framework */,
				4ED32ACEBF3171416445C0BF /* Pods_NeriUITests.framework */,
			);
			name = Frameworks;
			sourceTree = "<group>";
		};
/* End PBXGroup section */

/* Begin PBXNativeTarget section */
		652DF2D3232EF0360067BB01 /* Neri */ = {
			isa = PBXNativeTarget;
			buildConfigurationList = 652DF324232EF0390067BB01 /* Build configuration list for PBXNativeTarget "Neri" */;
			buildPhases = (
				3F9204B73C1F167A4A902126 /* [CP] Check Pods Manifest.lock */,
				652DF2D0232EF0360067BB01 /* Sources */,
				652DF2D1232EF0360067BB01 /* Frameworks */,
				652DF2D2232EF0360067BB01 /* Resources */,
				652DF323232EF0390067BB01 /* Embed Watch Content */,
				4F067D6DE997087A6C017391 /* [CP] Embed Pods Frameworks */,
				65D672E0238E036400E8089C /* ShellScript */,
			);
			buildRules = (
			);
			dependencies = (
				652DF2FF232EF0380067BB01 /* PBXTargetDependency */,
			);
			name = Neri;
			productName = Neri;
			productReference = 652DF2D4232EF0360067BB01 /* Neri.app */;
			productType = "com.apple.product-type.application";
		};
		652DF2E7232EF0380067BB01 /* NeriTests */ = {
			isa = PBXNativeTarget;
			buildConfigurationList = 652DF327232EF0390067BB01 /* Build configuration list for PBXNativeTarget "NeriTests" */;
			buildPhases = (
				A84F12850DEDB2C912E1CC8F /* [CP] Check Pods Manifest.lock */,
				652DF2E4232EF0380067BB01 /* Sources */,
				652DF2E5232EF0380067BB01 /* Frameworks */,
				652DF2E6232EF0380067BB01 /* Resources */,
			);
			buildRules = (
			);
			dependencies = (
				652DF2EA232EF0380067BB01 /* PBXTargetDependency */,
			);
			name = NeriTests;
			productName = NeriTests;
			productReference = 652DF2E8232EF0380067BB01 /* NeriTests.xctest */;
			productType = "com.apple.product-type.bundle.unit-test";
		};
		652DF2F2232EF0380067BB01 /* NeriUITests */ = {
			isa = PBXNativeTarget;
			buildConfigurationList = 652DF32A232EF0390067BB01 /* Build configuration list for PBXNativeTarget "NeriUITests" */;
			buildPhases = (
				643CE9F96529109BEA84825B /* [CP] Check Pods Manifest.lock */,
				652DF2EF232EF0380067BB01 /* Sources */,
				652DF2F0232EF0380067BB01 /* Frameworks */,
				652DF2F1232EF0380067BB01 /* Resources */,
			);
			buildRules = (
			);
			dependencies = (
				652DF2F5232EF0380067BB01 /* PBXTargetDependency */,
			);
			name = NeriUITests;
			productName = NeriUITests;
			productReference = 652DF2F3232EF0380067BB01 /* NeriUITests.xctest */;
			productType = "com.apple.product-type.bundle.ui-testing";
		};
		652DF2FB232EF0380067BB01 /* Neri WatchKit App */ = {
			isa = PBXNativeTarget;
			buildConfigurationList = 652DF320232EF0390067BB01 /* Build configuration list for PBXNativeTarget "Neri WatchKit App" */;
			buildPhases = (
				90AA7CAC933E42F0FA43BB39 /* [CP] Check Pods Manifest.lock */,
				652DF2FA232EF0380067BB01 /* Resources */,
				652DF31F232EF0390067BB01 /* Embed App Extensions */,
				3DE81FC91FEC5C4110B31190 /* Frameworks */,
			);
			buildRules = (
			);
			dependencies = (
				652DF30E232EF0380067BB01 /* PBXTargetDependency */,
			);
			name = "Neri WatchKit App";
			productName = "Neri WatchKit App";
			productReference = 652DF2FC232EF0380067BB01 /* Neri WatchKit App.app */;
			productType = "com.apple.product-type.application.watchapp2";
		};
		652DF30A232EF0380067BB01 /* Neri WatchKit Extension */ = {
			isa = PBXNativeTarget;
			buildConfigurationList = 652DF31C232EF0390067BB01 /* Build configuration list for PBXNativeTarget "Neri WatchKit Extension" */;
			buildPhases = (
				652DF307232EF0380067BB01 /* Sources */,
				652DF308232EF0380067BB01 /* Frameworks */,
				652DF309232EF0380067BB01 /* Resources */,
			);
			buildRules = (
			);
			dependencies = (
			);
			name = "Neri WatchKit Extension";
			productName = "Neri WatchKit Extension";
			productReference = 652DF30B232EF0380067BB01 /* Neri WatchKit Extension.appex */;
			productType = "com.apple.product-type.watchkit2-extension";
		};
/* End PBXNativeTarget section */

/* Begin PBXProject section */
		652DF2CC232EF0360067BB01 /* Project object */ = {
			isa = PBXProject;
			attributes = {
				LastSwiftUpdateCheck = 1030;
				LastUpgradeCheck = 1030;
				ORGANIZATIONNAME = "Gabriel Bendia";
				TargetAttributes = {
					652DF2D3232EF0360067BB01 = {
						CreatedOnToolsVersion = 10.3;
					};
					652DF2E7232EF0380067BB01 = {
						CreatedOnToolsVersion = 10.3;
						TestTargetID = 652DF2D3232EF0360067BB01;
					};
					652DF2F2232EF0380067BB01 = {
						CreatedOnToolsVersion = 10.3;
						TestTargetID = 652DF2D3232EF0360067BB01;
					};
					652DF2FB232EF0380067BB01 = {
						CreatedOnToolsVersion = 10.3;
					};
					652DF30A232EF0380067BB01 = {
						CreatedOnToolsVersion = 10.3;
					};
				};
			};
			buildConfigurationList = 652DF2CF232EF0360067BB01 /* Build configuration list for PBXProject "Neri" */;
			compatibilityVersion = "Xcode 9.3";
			developmentRegion = en;
			hasScannedForEncodings = 0;
			knownRegions = (
				en,
				Base,
			);
			mainGroup = 652DF2CB232EF0360067BB01;
			productRefGroup = 652DF2D5232EF0360067BB01 /* Products */;
			projectDirPath = "";
			projectRoot = "";
			targets = (
				652DF2D3232EF0360067BB01 /* Neri */,
				652DF2E7232EF0380067BB01 /* NeriTests */,
				652DF2F2232EF0380067BB01 /* NeriUITests */,
				652DF2FB232EF0380067BB01 /* Neri WatchKit App */,
				652DF30A232EF0380067BB01 /* Neri WatchKit Extension */,
			);
		};
/* End PBXProject section */

/* Begin PBXResourcesBuildPhase section */
		652DF2D2232EF0360067BB01 /* Resources */ = {
			isa = PBXResourcesBuildPhase;
			buildActionMask = 2147483647;
			files = (
				652DF2E2232EF0380067BB01 /* LaunchScreen.storyboard in Resources */,
				65F358292388E1CB003A09B6 /* GoogleService-Info.plist in Resources */,
				652DF2DF232EF0380067BB01 /* Assets.xcassets in Resources */,
				652DF338232EFD6F0067BB01 /* Main.storyboard in Resources */,
			);
			runOnlyForDeploymentPostprocessing = 0;
		};
		652DF2E6232EF0380067BB01 /* Resources */ = {
			isa = PBXResourcesBuildPhase;
			buildActionMask = 2147483647;
			files = (
			);
			runOnlyForDeploymentPostprocessing = 0;
		};
		652DF2F1232EF0380067BB01 /* Resources */ = {
			isa = PBXResourcesBuildPhase;
			buildActionMask = 2147483647;
			files = (
			);
			runOnlyForDeploymentPostprocessing = 0;
		};
		652DF2FA232EF0380067BB01 /* Resources */ = {
			isa = PBXResourcesBuildPhase;
			buildActionMask = 2147483647;
			files = (
				652DF305232EF0380067BB01 /* Assets.xcassets in Resources */,
				652DF303232EF0380067BB01 /* Interface.storyboard in Resources */,
			);
			runOnlyForDeploymentPostprocessing = 0;
		};
		652DF309232EF0380067BB01 /* Resources */ = {
			isa = PBXResourcesBuildPhase;
			buildActionMask = 2147483647;
			files = (
				652DF317232EF0390067BB01 /* Assets.xcassets in Resources */,
			);
			runOnlyForDeploymentPostprocessing = 0;
		};
/* End PBXResourcesBuildPhase section */

/* Begin PBXShellScriptBuildPhase section */
		3F9204B73C1F167A4A902126 /* [CP] Check Pods Manifest.lock */ = {
			isa = PBXShellScriptBuildPhase;
			buildActionMask = 2147483647;
			files = (
			);
			inputFileListPaths = (
			);
			inputPaths = (
				"${PODS_PODFILE_DIR_PATH}/Podfile.lock",
				"${PODS_ROOT}/Manifest.lock",
			);
			name = "[CP] Check Pods Manifest.lock";
			outputFileListPaths = (
			);
			outputPaths = (
				"$(DERIVED_FILE_DIR)/Pods-Neri-checkManifestLockResult.txt",
			);
			runOnlyForDeploymentPostprocessing = 0;
			shellPath = /bin/sh;
			shellScript = "diff \"${PODS_PODFILE_DIR_PATH}/Podfile.lock\" \"${PODS_ROOT}/Manifest.lock\" > /dev/null\nif [ $? != 0 ] ; then\n    # print error to STDERR\n    echo \"error: The sandbox is not in sync with the Podfile.lock. Run 'pod install' or update your CocoaPods installation.\" >&2\n    exit 1\nfi\n# This output is used by Xcode 'outputs' to avoid re-running this script phase.\necho \"SUCCESS\" > \"${SCRIPT_OUTPUT_FILE_0}\"\n";
			showEnvVarsInLog = 0;
		};
		4F067D6DE997087A6C017391 /* [CP] Embed Pods Frameworks */ = {
			isa = PBXShellScriptBuildPhase;
			buildActionMask = 2147483647;
			files = (
			);
			inputFileListPaths = (
				"${PODS_ROOT}/Target Support Files/Pods-Neri/Pods-Neri-frameworks-${CONFIGURATION}-input-files.xcfilelist",
			);
			name = "[CP] Embed Pods Frameworks";
			outputFileListPaths = (
				"${PODS_ROOT}/Target Support Files/Pods-Neri/Pods-Neri-frameworks-${CONFIGURATION}-output-files.xcfilelist",
			);
			runOnlyForDeploymentPostprocessing = 0;
			shellPath = /bin/sh;
			shellScript = "\"${PODS_ROOT}/Target Support Files/Pods-Neri/Pods-Neri-frameworks.sh\"\n";
			showEnvVarsInLog = 0;
		};
		643CE9F96529109BEA84825B /* [CP] Check Pods Manifest.lock */ = {
			isa = PBXShellScriptBuildPhase;
			buildActionMask = 2147483647;
			files = (
			);
			inputFileListPaths = (
			);
			inputPaths = (
				"${PODS_PODFILE_DIR_PATH}/Podfile.lock",
				"${PODS_ROOT}/Manifest.lock",
			);
			name = "[CP] Check Pods Manifest.lock";
			outputFileListPaths = (
			);
			outputPaths = (
				"$(DERIVED_FILE_DIR)/Pods-NeriUITests-checkManifestLockResult.txt",
			);
			runOnlyForDeploymentPostprocessing = 0;
			shellPath = /bin/sh;
			shellScript = "diff \"${PODS_PODFILE_DIR_PATH}/Podfile.lock\" \"${PODS_ROOT}/Manifest.lock\" > /dev/null\nif [ $? != 0 ] ; then\n    # print error to STDERR\n    echo \"error: The sandbox is not in sync with the Podfile.lock. Run 'pod install' or update your CocoaPods installation.\" >&2\n    exit 1\nfi\n# This output is used by Xcode 'outputs' to avoid re-running this script phase.\necho \"SUCCESS\" > \"${SCRIPT_OUTPUT_FILE_0}\"\n";
			showEnvVarsInLog = 0;
		};
		65D672E0238E036400E8089C /* ShellScript */ = {
			isa = PBXShellScriptBuildPhase;
			buildActionMask = 2147483647;
			files = (
			);
			inputFileListPaths = (
			);
			inputPaths = (
				"$(SRCROOT)/$(BUILT_PRODUCTS_DIR)/$(INFOPLIST_PATH)",
			);
			outputFileListPaths = (
			);
			outputPaths = (
			);
			runOnlyForDeploymentPostprocessing = 0;
			shellPath = /bin/sh;
			shellScript = "\"${PODS_ROOT}/Fabric/run\"\n";
		};
		90AA7CAC933E42F0FA43BB39 /* [CP] Check Pods Manifest.lock */ = {
			isa = PBXShellScriptBuildPhase;
			buildActionMask = 2147483647;
			files = (
			);
			inputFileListPaths = (
			);
			inputPaths = (
				"${PODS_PODFILE_DIR_PATH}/Podfile.lock",
				"${PODS_ROOT}/Manifest.lock",
			);
			name = "[CP] Check Pods Manifest.lock";
			outputFileListPaths = (
			);
			outputPaths = (
				"$(DERIVED_FILE_DIR)/Pods-Neri WatchKit App-checkManifestLockResult.txt",
			);
			runOnlyForDeploymentPostprocessing = 0;
			shellPath = /bin/sh;
			shellScript = "diff \"${PODS_PODFILE_DIR_PATH}/Podfile.lock\" \"${PODS_ROOT}/Manifest.lock\" > /dev/null\nif [ $? != 0 ] ; then\n    # print error to STDERR\n    echo \"error: The sandbox is not in sync with the Podfile.lock. Run 'pod install' or update your CocoaPods installation.\" >&2\n    exit 1\nfi\n# This output is used by Xcode 'outputs' to avoid re-running this script phase.\necho \"SUCCESS\" > \"${SCRIPT_OUTPUT_FILE_0}\"\n";
			showEnvVarsInLog = 0;
		};
		A84F12850DEDB2C912E1CC8F /* [CP] Check Pods Manifest.lock */ = {
			isa = PBXShellScriptBuildPhase;
			buildActionMask = 2147483647;
			files = (
			);
			inputFileListPaths = (
			);
			inputPaths = (
				"${PODS_PODFILE_DIR_PATH}/Podfile.lock",
				"${PODS_ROOT}/Manifest.lock",
			);
			name = "[CP] Check Pods Manifest.lock";
			outputFileListPaths = (
			);
			outputPaths = (
				"$(DERIVED_FILE_DIR)/Pods-NeriTests-checkManifestLockResult.txt",
			);
			runOnlyForDeploymentPostprocessing = 0;
			shellPath = /bin/sh;
			shellScript = "diff \"${PODS_PODFILE_DIR_PATH}/Podfile.lock\" \"${PODS_ROOT}/Manifest.lock\" > /dev/null\nif [ $? != 0 ] ; then\n    # print error to STDERR\n    echo \"error: The sandbox is not in sync with the Podfile.lock. Run 'pod install' or update your CocoaPods installation.\" >&2\n    exit 1\nfi\n# This output is used by Xcode 'outputs' to avoid re-running this script phase.\necho \"SUCCESS\" > \"${SCRIPT_OUTPUT_FILE_0}\"\n";
			showEnvVarsInLog = 0;
		};
/* End PBXShellScriptBuildPhase section */

/* Begin PBXSourcesBuildPhase section */
		652DF2D0232EF0360067BB01 /* Sources */ = {
			isa = PBXSourcesBuildPhase;
			buildActionMask = 2147483647;
			files = (
				652FEE51238F597C0093C718 /* Elder.swift in Sources */,
				652FEE53238F5DC80093C718 /* Caregiver.swift in Sources */,
				652FEE3E238E09960093C718 /* SignUpElderViewController.swift in Sources */,
				652FEE4F238E363C0093C718 /* PairingCodeViewController.swift in Sources */,
				652FEE5C238F84D30093C718 /* DateHelper.swift in Sources */,
				65F3582B238CC8FD003A09B6 /* PairingViewController.swift in Sources */,
				6554D07B2390E19000973C7E /* EditElderViewController.swift in Sources */,
				652FEE5A238F720B0093C718 /* GlobalConstants.swift in Sources */,
				652FEE58238F60140093C718 /* NeriDAO.swift in Sources */,
				6554D06B2390D75300973C7E /* MainElderViewController.swift in Sources */,
				652DF2D8232EF0360067BB01 /* AppDelegate.swift in Sources */,
				65F3582F238CC9C8003A09B6 /* EldersListViewController.swift in Sources */,
				6554D0712390DD7300973C7E /* ElderMonitor.swift in Sources */,
				65BB66CE23919FEF00E7B8D5 /* CaregiverDAO.swift in Sources */,
				652FEE43238E15620093C718 /* PairingCodeGenerator.swift in Sources */,
				652DF350232EFE240067BB01 /* LoadingViewController.swift in Sources */,
				65F35831238CCB60003A09B6 /* BasicFormViewController.swift in Sources */,
				6554D0772390DEAC00973C7E /* LocationMonitor.swift in Sources */,
				6519A32A23923B5400D62FC6 /* MonitoringViewController.swift in Sources */,
				652DF332232EF3690067BB01 /* GradientView.swift in Sources */,
				652FEE4B238E308C0093C718 /* RandomNumberGenerator.swift in Sources */,
				6519A32E2392430000D62FC6 /* ElderInfoViewController.swift in Sources */,
				652DF34F232EFE240067BB01 /* InitialViewController.swift in Sources */,
				6519A32C2392404800D62FC6 /* LocationHelper.swift in Sources */,
				65BB66CC23919B8700E7B8D5 /* EldersTableViewCell.swift in Sources */,
				652FEE56238F5F520093C718 /* ElderDAO.swift in Sources */,
				6554D0732390DE0F00973C7E /* HeartRateMonitor.swift in Sources */,
				652FEE41238E12410093C718 /* Extensions.swift in Sources */,
				65790AD12394140600124A72 /* WatchConncetivityReceiver.swift in Sources */,
				65F35833238CD62A003A09B6 /* Validators.swift in Sources */,
			);
			runOnlyForDeploymentPostprocessing = 0;
		};
		652DF2E4232EF0380067BB01 /* Sources */ = {
			isa = PBXSourcesBuildPhase;
			buildActionMask = 2147483647;
			files = (
				652DF2ED232EF0380067BB01 /* PairingCodeGeneratorTests.swift in Sources */,
				652FEE49238E29980093C718 /* RandomNumberGeneratorMock.swift in Sources */,
				652FEE5E238F86C40093C718 /* DateHelperTests.swift in Sources */,
			);
			runOnlyForDeploymentPostprocessing = 0;
		};
		652DF2EF232EF0380067BB01 /* Sources */ = {
			isa = PBXSourcesBuildPhase;
			buildActionMask = 2147483647;
			files = (
				652DF2F8232EF0380067BB01 /* NeriUITests.swift in Sources */,
			);
			runOnlyForDeploymentPostprocessing = 0;
		};
		652DF307232EF0380067BB01 /* Sources */ = {
			isa = PBXSourcesBuildPhase;
			buildActionMask = 2147483647;
			files = (
				65B89A262393836300DE5B97 /* FeatureToggleInterfaceController.swift in Sources */,
				6519A3302392FA5A00D62FC6 /* BaseInterfaceController.swift in Sources */,
				652DF315232EF0380067BB01 /* NotificationController.swift in Sources */,
				652DF313232EF0380067BB01 /* ExtensionDelegate.swift in Sources */,
				65790AD723943D8E00124A72 /* CountdownInterfaceController.swift in Sources */,
				65B89A2423937BBF00DE5B97 /* HeartRateMeter.swift in Sources */,
				65B89A2A2394067800DE5B97 /* MotionMeter.swift in Sources */,
				6546A41523940C9E00A87639 /* ConnectivitySession.swift in Sources */,
				652DF311232EF0380067BB01 /* HeartRateInterfaceController.swift in Sources */,
			);
			runOnlyForDeploymentPostprocessing = 0;
		};
/* End PBXSourcesBuildPhase section */

/* Begin PBXTargetDependency section */
		652DF2EA232EF0380067BB01 /* PBXTargetDependency */ = {
			isa = PBXTargetDependency;
			target = 652DF2D3232EF0360067BB01 /* Neri */;
			targetProxy = 652DF2E9232EF0380067BB01 /* PBXContainerItemProxy */;
		};
		652DF2F5232EF0380067BB01 /* PBXTargetDependency */ = {
			isa = PBXTargetDependency;
			target = 652DF2D3232EF0360067BB01 /* Neri */;
			targetProxy = 652DF2F4232EF0380067BB01 /* PBXContainerItemProxy */;
		};
		652DF2FF232EF0380067BB01 /* PBXTargetDependency */ = {
			isa = PBXTargetDependency;
			target = 652DF2FB232EF0380067BB01 /* Neri WatchKit App */;
			targetProxy = 652DF2FE232EF0380067BB01 /* PBXContainerItemProxy */;
		};
		652DF30E232EF0380067BB01 /* PBXTargetDependency */ = {
			isa = PBXTargetDependency;
			target = 652DF30A232EF0380067BB01 /* Neri WatchKit Extension */;
			targetProxy = 652DF30D232EF0380067BB01 /* PBXContainerItemProxy */;
		};
/* End PBXTargetDependency section */

/* Begin PBXVariantGroup section */
		652DF2E0232EF0380067BB01 /* LaunchScreen.storyboard */ = {
			isa = PBXVariantGroup;
			children = (
				652DF2E1232EF0380067BB01 /* Base */,
			);
			name = LaunchScreen.storyboard;
			sourceTree = "<group>";
		};
		652DF301232EF0380067BB01 /* Interface.storyboard */ = {
			isa = PBXVariantGroup;
			children = (
				652DF302232EF0380067BB01 /* Base */,
			);
			name = Interface.storyboard;
			sourceTree = "<group>";
		};
/* End PBXVariantGroup section */

/* Begin XCBuildConfiguration section */
		652DF31A232EF0390067BB01 /* Debug */ = {
			isa = XCBuildConfiguration;
			buildSettings = {
				ALWAYS_SEARCH_USER_PATHS = NO;
				CLANG_ANALYZER_NONNULL = YES;
				CLANG_ANALYZER_NUMBER_OBJECT_CONVERSION = YES_AGGRESSIVE;
				CLANG_CXX_LANGUAGE_STANDARD = "gnu++14";
				CLANG_CXX_LIBRARY = "libc++";
				CLANG_ENABLE_MODULES = YES;
				CLANG_ENABLE_OBJC_ARC = YES;
				CLANG_ENABLE_OBJC_WEAK = YES;
				CLANG_WARN_BLOCK_CAPTURE_AUTORELEASING = YES;
				CLANG_WARN_BOOL_CONVERSION = YES;
				CLANG_WARN_COMMA = YES;
				CLANG_WARN_CONSTANT_CONVERSION = YES;
				CLANG_WARN_DEPRECATED_OBJC_IMPLEMENTATIONS = YES;
				CLANG_WARN_DIRECT_OBJC_ISA_USAGE = YES_ERROR;
				CLANG_WARN_DOCUMENTATION_COMMENTS = YES;
				CLANG_WARN_EMPTY_BODY = YES;
				CLANG_WARN_ENUM_CONVERSION = YES;
				CLANG_WARN_INFINITE_RECURSION = YES;
				CLANG_WARN_INT_CONVERSION = YES;
				CLANG_WARN_NON_LITERAL_NULL_CONVERSION = YES;
				CLANG_WARN_OBJC_IMPLICIT_RETAIN_SELF = YES;
				CLANG_WARN_OBJC_LITERAL_CONVERSION = YES;
				CLANG_WARN_OBJC_ROOT_CLASS = YES_ERROR;
				CLANG_WARN_RANGE_LOOP_ANALYSIS = YES;
				CLANG_WARN_STRICT_PROTOTYPES = YES;
				CLANG_WARN_SUSPICIOUS_MOVE = YES;
				CLANG_WARN_UNGUARDED_AVAILABILITY = YES_AGGRESSIVE;
				CLANG_WARN_UNREACHABLE_CODE = YES;
				CLANG_WARN__DUPLICATE_METHOD_MATCH = YES;
				CODE_SIGN_IDENTITY = "iPhone Developer";
				COPY_PHASE_STRIP = NO;
				DEBUG_INFORMATION_FORMAT = dwarf;
				ENABLE_STRICT_OBJC_MSGSEND = YES;
				ENABLE_TESTABILITY = YES;
				GCC_C_LANGUAGE_STANDARD = gnu11;
				GCC_DYNAMIC_NO_PIC = NO;
				GCC_NO_COMMON_BLOCKS = YES;
				GCC_OPTIMIZATION_LEVEL = 0;
				GCC_PREPROCESSOR_DEFINITIONS = (
					"DEBUG=1",
					"$(inherited)",
				);
				GCC_WARN_64_TO_32_BIT_CONVERSION = YES;
				GCC_WARN_ABOUT_RETURN_TYPE = YES_ERROR;
				GCC_WARN_UNDECLARED_SELECTOR = YES;
				GCC_WARN_UNINITIALIZED_AUTOS = YES_AGGRESSIVE;
				GCC_WARN_UNUSED_FUNCTION = YES;
				GCC_WARN_UNUSED_VARIABLE = YES;
				IPHONEOS_DEPLOYMENT_TARGET = 12.4;
				MTL_ENABLE_DEBUG_INFO = INCLUDE_SOURCE;
				MTL_FAST_MATH = YES;
				ONLY_ACTIVE_ARCH = YES;
				SDKROOT = iphoneos;
				SWIFT_ACTIVE_COMPILATION_CONDITIONS = DEBUG;
				SWIFT_OPTIMIZATION_LEVEL = "-Onone";
				SWIFT_VERSION = 5.0;
			};
			name = Debug;
		};
		652DF31B232EF0390067BB01 /* Release */ = {
			isa = XCBuildConfiguration;
			buildSettings = {
				ALWAYS_SEARCH_USER_PATHS = NO;
				CLANG_ANALYZER_NONNULL = YES;
				CLANG_ANALYZER_NUMBER_OBJECT_CONVERSION = YES_AGGRESSIVE;
				CLANG_CXX_LANGUAGE_STANDARD = "gnu++14";
				CLANG_CXX_LIBRARY = "libc++";
				CLANG_ENABLE_MODULES = YES;
				CLANG_ENABLE_OBJC_ARC = YES;
				CLANG_ENABLE_OBJC_WEAK = YES;
				CLANG_WARN_BLOCK_CAPTURE_AUTORELEASING = YES;
				CLANG_WARN_BOOL_CONVERSION = YES;
				CLANG_WARN_COMMA = YES;
				CLANG_WARN_CONSTANT_CONVERSION = YES;
				CLANG_WARN_DEPRECATED_OBJC_IMPLEMENTATIONS = YES;
				CLANG_WARN_DIRECT_OBJC_ISA_USAGE = YES_ERROR;
				CLANG_WARN_DOCUMENTATION_COMMENTS = YES;
				CLANG_WARN_EMPTY_BODY = YES;
				CLANG_WARN_ENUM_CONVERSION = YES;
				CLANG_WARN_INFINITE_RECURSION = YES;
				CLANG_WARN_INT_CONVERSION = YES;
				CLANG_WARN_NON_LITERAL_NULL_CONVERSION = YES;
				CLANG_WARN_OBJC_IMPLICIT_RETAIN_SELF = YES;
				CLANG_WARN_OBJC_LITERAL_CONVERSION = YES;
				CLANG_WARN_OBJC_ROOT_CLASS = YES_ERROR;
				CLANG_WARN_RANGE_LOOP_ANALYSIS = YES;
				CLANG_WARN_STRICT_PROTOTYPES = YES;
				CLANG_WARN_SUSPICIOUS_MOVE = YES;
				CLANG_WARN_UNGUARDED_AVAILABILITY = YES_AGGRESSIVE;
				CLANG_WARN_UNREACHABLE_CODE = YES;
				CLANG_WARN__DUPLICATE_METHOD_MATCH = YES;
				CODE_SIGN_IDENTITY = "iPhone Developer";
				COPY_PHASE_STRIP = NO;
				DEBUG_INFORMATION_FORMAT = "dwarf-with-dsym";
				ENABLE_NS_ASSERTIONS = NO;
				ENABLE_STRICT_OBJC_MSGSEND = YES;
				GCC_C_LANGUAGE_STANDARD = gnu11;
				GCC_NO_COMMON_BLOCKS = YES;
				GCC_WARN_64_TO_32_BIT_CONVERSION = YES;
				GCC_WARN_ABOUT_RETURN_TYPE = YES_ERROR;
				GCC_WARN_UNDECLARED_SELECTOR = YES;
				GCC_WARN_UNINITIALIZED_AUTOS = YES_AGGRESSIVE;
				GCC_WARN_UNUSED_FUNCTION = YES;
				GCC_WARN_UNUSED_VARIABLE = YES;
				IPHONEOS_DEPLOYMENT_TARGET = 12.4;
				MTL_ENABLE_DEBUG_INFO = NO;
				MTL_FAST_MATH = YES;
				SDKROOT = iphoneos;
				SWIFT_COMPILATION_MODE = wholemodule;
				SWIFT_OPTIMIZATION_LEVEL = "-O";
				SWIFT_VERSION = 5.0;
				VALIDATE_PRODUCT = YES;
			};
			name = Release;
		};
		652DF31D232EF0390067BB01 /* Debug */ = {
			isa = XCBuildConfiguration;
			buildSettings = {
				ASSETCATALOG_COMPILER_COMPLICATION_NAME = Complication;
				CODE_SIGN_ENTITLEMENTS = "Neri WatchKit Extension/Neri WatchKit Extension.entitlements";
				CODE_SIGN_STYLE = Automatic;
				DEVELOPMENT_TEAM = 896LGT4P2R;
				INFOPLIST_FILE = "Neri WatchKit Extension/Info.plist";
				LD_RUNPATH_SEARCH_PATHS = (
					"$(inherited)",
					"@executable_path/Frameworks",
					"@executable_path/../../Frameworks",
				);
				PRODUCT_BUNDLE_IDENTIFIER = gabriel.bendia.Neri.watchkitapp.watchkitextension;
				PRODUCT_NAME = "${TARGET_NAME}";
				SDKROOT = watchos;
				SKIP_INSTALL = YES;
				SWIFT_VERSION = 5.0;
				TARGETED_DEVICE_FAMILY = 4;
				WATCHOS_DEPLOYMENT_TARGET = 5.3;
			};
			name = Debug;
		};
		652DF31E232EF0390067BB01 /* Release */ = {
			isa = XCBuildConfiguration;
			buildSettings = {
				ASSETCATALOG_COMPILER_COMPLICATION_NAME = Complication;
				CODE_SIGN_ENTITLEMENTS = "Neri WatchKit Extension/Neri WatchKit Extension.entitlements";
				CODE_SIGN_STYLE = Automatic;
				DEVELOPMENT_TEAM = 896LGT4P2R;
				INFOPLIST_FILE = "Neri WatchKit Extension/Info.plist";
				LD_RUNPATH_SEARCH_PATHS = (
					"$(inherited)",
					"@executable_path/Frameworks",
					"@executable_path/../../Frameworks",
				);
				PRODUCT_BUNDLE_IDENTIFIER = gabriel.bendia.Neri.watchkitapp.watchkitextension;
				PRODUCT_NAME = "${TARGET_NAME}";
				SDKROOT = watchos;
				SKIP_INSTALL = YES;
				SWIFT_VERSION = 5.0;
				TARGETED_DEVICE_FAMILY = 4;
				WATCHOS_DEPLOYMENT_TARGET = 5.3;
			};
			name = Release;
		};
		652DF321232EF0390067BB01 /* Debug */ = {
			isa = XCBuildConfiguration;
			baseConfigurationReference = 0C03A0AF74F43D573B523BE7 /* Pods-Neri WatchKit App.debug.xcconfig */;
			buildSettings = {
				ALWAYS_EMBED_SWIFT_STANDARD_LIBRARIES = YES;
				ASSETCATALOG_COMPILER_APPICON_NAME = AppIcon;
				CODE_SIGN_STYLE = Automatic;
				DEVELOPMENT_TEAM = 896LGT4P2R;
				IBSC_MODULE = Neri_WatchKit_Extension;
				INFOPLIST_FILE = "Neri WatchKit App/Info.plist";
				PRODUCT_BUNDLE_IDENTIFIER = gabriel.bendia.Neri.watchkitapp;
				PRODUCT_NAME = "$(TARGET_NAME)";
				SDKROOT = watchos;
				SKIP_INSTALL = YES;
				SWIFT_VERSION = 5.0;
				TARGETED_DEVICE_FAMILY = 4;
				WATCHOS_DEPLOYMENT_TARGET = 5.3;
			};
			name = Debug;
		};
		652DF322232EF0390067BB01 /* Release */ = {
			isa = XCBuildConfiguration;
			baseConfigurationReference = 09002466848FA22ABE6EAED3 /* Pods-Neri WatchKit App.release.xcconfig */;
			buildSettings = {
				ALWAYS_EMBED_SWIFT_STANDARD_LIBRARIES = YES;
				ASSETCATALOG_COMPILER_APPICON_NAME = AppIcon;
				CODE_SIGN_STYLE = Automatic;
				DEVELOPMENT_TEAM = 896LGT4P2R;
				IBSC_MODULE = Neri_WatchKit_Extension;
				INFOPLIST_FILE = "Neri WatchKit App/Info.plist";
				PRODUCT_BUNDLE_IDENTIFIER = gabriel.bendia.Neri.watchkitapp;
				PRODUCT_NAME = "$(TARGET_NAME)";
				SDKROOT = watchos;
				SKIP_INSTALL = YES;
				SWIFT_VERSION = 5.0;
				TARGETED_DEVICE_FAMILY = 4;
				WATCHOS_DEPLOYMENT_TARGET = 5.3;
			};
			name = Release;
		};
		652DF325232EF0390067BB01 /* Debug */ = {
			isa = XCBuildConfiguration;
			baseConfigurationReference = 13476D35B5411A14176C8D29 /* Pods-Neri.debug.xcconfig */;
			buildSettings = {
				ASSETCATALOG_COMPILER_APPICON_NAME = AppIcon;
				CODE_SIGN_ENTITLEMENTS = Neri/Neri.entitlements;
				CODE_SIGN_STYLE = Automatic;
				DEVELOPMENT_TEAM = 896LGT4P2R;
				INFOPLIST_FILE = Neri/Info.plist;
				IPHONEOS_DEPLOYMENT_TARGET = 11.0;
				LD_RUNPATH_SEARCH_PATHS = (
					"$(inherited)",
					"@executable_path/Frameworks",
				);
				PRODUCT_BUNDLE_IDENTIFIER = gabriel.bendia.Neri;
				PRODUCT_NAME = "$(TARGET_NAME)";
				SWIFT_VERSION = 5.0;
				TARGETED_DEVICE_FAMILY = 1;
			};
			name = Debug;
		};
		652DF326232EF0390067BB01 /* Release */ = {
			isa = XCBuildConfiguration;
			baseConfigurationReference = BEB571B8FCE24B4F9913F4F9 /* Pods-Neri.release.xcconfig */;
			buildSettings = {
				ASSETCATALOG_COMPILER_APPICON_NAME = AppIcon;
				CODE_SIGN_ENTITLEMENTS = Neri/Neri.entitlements;
				CODE_SIGN_STYLE = Automatic;
				DEVELOPMENT_TEAM = 896LGT4P2R;
				INFOPLIST_FILE = Neri/Info.plist;
				IPHONEOS_DEPLOYMENT_TARGET = 11.0;
				LD_RUNPATH_SEARCH_PATHS = (
					"$(inherited)",
					"@executable_path/Frameworks",
				);
				PRODUCT_BUNDLE_IDENTIFIER = gabriel.bendia.Neri;
				PRODUCT_NAME = "$(TARGET_NAME)";
				SWIFT_VERSION = 5.0;
				TARGETED_DEVICE_FAMILY = 1;
			};
			name = Release;
		};
		652DF328232EF0390067BB01 /* Debug */ = {
			isa = XCBuildConfiguration;
			baseConfigurationReference = 45263F77DD84CADE6529CEE1 /* Pods-NeriTests.debug.xcconfig */;
			buildSettings = {
				ALWAYS_EMBED_SWIFT_STANDARD_LIBRARIES = YES;
				BUNDLE_LOADER = "$(TEST_HOST)";
				CODE_SIGN_STYLE = Automatic;
				DEVELOPMENT_TEAM = 896LGT4P2R;
				INFOPLIST_FILE = NeriTests/Info.plist;
				LD_RUNPATH_SEARCH_PATHS = (
					"$(inherited)",
					"@executable_path/Frameworks",
					"@loader_path/Frameworks",
				);
				PRODUCT_BUNDLE_IDENTIFIER = gabriel.bendia.NeriTests;
				PRODUCT_NAME = "$(TARGET_NAME)";
				SWIFT_VERSION = 5.0;
				TARGETED_DEVICE_FAMILY = "1,2";
				TEST_HOST = "$(BUILT_PRODUCTS_DIR)/Neri.app/Neri";
			};
			name = Debug;
		};
		652DF329232EF0390067BB01 /* Release */ = {
			isa = XCBuildConfiguration;
			baseConfigurationReference = 3C2542DEFB82EF08F637399E /* Pods-NeriTests.release.xcconfig */;
			buildSettings = {
				ALWAYS_EMBED_SWIFT_STANDARD_LIBRARIES = YES;
				BUNDLE_LOADER = "$(TEST_HOST)";
				CODE_SIGN_STYLE = Automatic;
				DEVELOPMENT_TEAM = 896LGT4P2R;
				INFOPLIST_FILE = NeriTests/Info.plist;
				LD_RUNPATH_SEARCH_PATHS = (
					"$(inherited)",
					"@executable_path/Frameworks",
					"@loader_path/Frameworks",
				);
				PRODUCT_BUNDLE_IDENTIFIER = gabriel.bendia.NeriTests;
				PRODUCT_NAME = "$(TARGET_NAME)";
				SWIFT_VERSION = 5.0;
				TARGETED_DEVICE_FAMILY = "1,2";
				TEST_HOST = "$(BUILT_PRODUCTS_DIR)/Neri.app/Neri";
			};
			name = Release;
		};
		652DF32B232EF0390067BB01 /* Debug */ = {
			isa = XCBuildConfiguration;
			baseConfigurationReference = A44EF1C5FBC74B5643024214 /* Pods-NeriUITests.debug.xcconfig */;
			buildSettings = {
				ALWAYS_EMBED_SWIFT_STANDARD_LIBRARIES = YES;
				CODE_SIGN_STYLE = Automatic;
				DEVELOPMENT_TEAM = 896LGT4P2R;
				INFOPLIST_FILE = NeriUITests/Info.plist;
				LD_RUNPATH_SEARCH_PATHS = (
					"$(inherited)",
					"@executable_path/Frameworks",
					"@loader_path/Frameworks",
				);
				PRODUCT_BUNDLE_IDENTIFIER = gabriel.bendia.NeriUITests;
				PRODUCT_NAME = "$(TARGET_NAME)";
				SWIFT_VERSION = 5.0;
				TARGETED_DEVICE_FAMILY = "1,2";
				TEST_TARGET_NAME = Neri;
			};
			name = Debug;
		};
		652DF32C232EF0390067BB01 /* Release */ = {
			isa = XCBuildConfiguration;
			baseConfigurationReference = 02E2375B0CAB32BC41105ADE /* Pods-NeriUITests.release.xcconfig */;
			buildSettings = {
				ALWAYS_EMBED_SWIFT_STANDARD_LIBRARIES = YES;
				CODE_SIGN_STYLE = Automatic;
				DEVELOPMENT_TEAM = 896LGT4P2R;
				INFOPLIST_FILE = NeriUITests/Info.plist;
				LD_RUNPATH_SEARCH_PATHS = (
					"$(inherited)",
					"@executable_path/Frameworks",
					"@loader_path/Frameworks",
				);
				PRODUCT_BUNDLE_IDENTIFIER = gabriel.bendia.NeriUITests;
				PRODUCT_NAME = "$(TARGET_NAME)";
				SWIFT_VERSION = 5.0;
				TARGETED_DEVICE_FAMILY = "1,2";
				TEST_TARGET_NAME = Neri;
			};
			name = Release;
		};
/* End XCBuildConfiguration section */

/* Begin XCConfigurationList section */
		652DF2CF232EF0360067BB01 /* Build configuration list for PBXProject "Neri" */ = {
			isa = XCConfigurationList;
			buildConfigurations = (
				652DF31A232EF0390067BB01 /* Debug */,
				652DF31B232EF0390067BB01 /* Release */,
			);
			defaultConfigurationIsVisible = 0;
			defaultConfigurationName = Release;
		};
		652DF31C232EF0390067BB01 /* Build configuration list for PBXNativeTarget "Neri WatchKit Extension" */ = {
			isa = XCConfigurationList;
			buildConfigurations = (
				652DF31D232EF0390067BB01 /* Debug */,
				652DF31E232EF0390067BB01 /* Release */,
			);
			defaultConfigurationIsVisible = 0;
			defaultConfigurationName = Release;
		};
		652DF320232EF0390067BB01 /* Build configuration list for PBXNativeTarget "Neri WatchKit App" */ = {
			isa = XCConfigurationList;
			buildConfigurations = (
				652DF321232EF0390067BB01 /* Debug */,
				652DF322232EF0390067BB01 /* Release */,
			);
			defaultConfigurationIsVisible = 0;
			defaultConfigurationName = Release;
		};
		652DF324232EF0390067BB01 /* Build configuration list for PBXNativeTarget "Neri" */ = {
			isa = XCConfigurationList;
			buildConfigurations = (
				652DF325232EF0390067BB01 /* Debug */,
				652DF326232EF0390067BB01 /* Release */,
			);
			defaultConfigurationIsVisible = 0;
			defaultConfigurationName = Release;
		};
		652DF327232EF0390067BB01 /* Build configuration list for PBXNativeTarget "NeriTests" */ = {
			isa = XCConfigurationList;
			buildConfigurations = (
				652DF328232EF0390067BB01 /* Debug */,
				652DF329232EF0390067BB01 /* Release */,
			);
			defaultConfigurationIsVisible = 0;
			defaultConfigurationName = Release;
		};
		652DF32A232EF0390067BB01 /* Build configuration list for PBXNativeTarget "NeriUITests" */ = {
			isa = XCConfigurationList;
			buildConfigurations = (
				652DF32B232EF0390067BB01 /* Debug */,
				652DF32C232EF0390067BB01 /* Release */,
			);
			defaultConfigurationIsVisible = 0;
			defaultConfigurationName = Release;
		};
/* End XCConfigurationList section */
	};
	rootObject = 652DF2CC232EF0360067BB01 /* Project object */;
}
